{
  "object": {
    "pins": [
      {
        "package": "AppsFlyerLib",
        "repositoryURL": "https://github.com/AppsFlyerSDK/AppsFlyerFramework",
        "state": {
          "branch": "master",
          "revision": "344d1c8c5787c4c793f72578026e8ec1cf559c08",
          "version": null
        }
      }
    ]
  },
  "version": 1
}
